
Microsoft Visual Studio Solution File, Format Version 12.00
# Visual Studio Version 17
VisualStudioVersion = 17.9.34723.18
MinimumVisualStudioVersion = 10.0.40219.1
Project("{FAE04EC0-301F-11D3-BF4B-00C04F79EFBC}") = "StringLibrary", "StringLibrary\StringLibrary.csproj", "{51A74A0D-862E-4BD7-ACF7-2C14E11CA84B}"
EndProject
Project("{FAE04EC0-301F-11D3-BF4B-00C04F79EFBC}") = "ShowCase", "ShowCase\ShowCase.csproj", "{3DEF76B3-40C6-46FD-81F9-54816DDA97F5}"
EndProject
Global
	GlobalSection(SolutionConfigurationPlatforms) = preSolution
		Debug|Any CPU = Debug|Any CPU
		Release|Any CPU = Release|Any CPU
	EndGlobalSection
	GlobalSection(ProjectConfigurationPlatforms) = postSolution
		{51A74A0D-862E-4BD7-ACF7-2C14E11CA84B}.Debug|Any CPU.ActiveCfg = Debug|Any CPU
		{51A74A0D-862E-4BD7-ACF7-2C14E11CA84B}.Debug|Any CPU.Build.0 = Debug|Any CPU
		{51A74A0D-862E-4BD7-ACF7-2C14E11CA84B}.Release|Any CPU.ActiveCfg = Release|Any CPU
		{51A74A0D-862E-4BD7-ACF7-2C14E11CA84B}.Release|Any CPU.Build.0 = Release|Any CPU
		{3DEF76B3-40C6-46FD-81F9-54816DDA97F5}.Debug|Any CPU.ActiveCfg = Debug|Any CPU
		{3DEF76B3-40C6-46FD-81F9-54816DDA97F5}.Debug|Any CPU.Build.0 = Debug|Any CPU
		{3DEF76B3-40C6-46FD-81F9-54816DDA97F5}.Release|Any CPU.ActiveCfg = Release|Any CPU
		{3DEF76B3-40C6-46FD-81F9-54816DDA97F5}.Release|Any CPU.Build.0 = Release|Any CPU
	EndGlobalSection
	GlobalSection(SolutionProperties) = preSolution
		HideSolutionNode = FALSE
	EndGlobalSection
	GlobalSection(ExtensibilityGlobals) = postSolution
		SolutionGuid = {5D678FBA-8CDD-4474-BFFC-D82407569DAF}
	EndGlobalSection
EndGlobal
